
Microsoft Visual Studio Solution File, Format Version 12.00
# Visual Studio 15
VisualStudioVersion = 15.0.28307.960
MinimumVisualStudioVersion = 10.0.40219.1
Project("{FAE04EC0-301F-11D3-BF4B-00C04F79EFBC}") = "WinForm_MySql_NHibernate", "WinForm_MySql_NHibernate\WinForm_MySql_NHibernate.csproj", "{A49942AB-7FE3-45E6-BA35-5020A070808E}"
EndProject
Project("{FAE04EC0-301F-11D3-BF4B-00C04F79EFBC}") = "WinForm_MySql_NHibernate_UnitTest", "WinForm_MySql_NHibernate_UnitTest\WinForm_MySql_NHibernate_UnitTest.csproj", "{9C268AFD-251C-4A5E-A0B2-CF42F18F9C81}"
EndProject
Global
	GlobalSection(SolutionConfigurationPlatforms) = preSolution
		Debug|Any CPU = Debug|Any CPU
		Release|Any CPU = Release|Any CPU
	EndGlobalSection
	GlobalSection(ProjectConfigurationPlatforms) = postSolution
		{A49942AB-7FE3-45E6-BA35-5020A070808E}.Debug|Any CPU.ActiveCfg = Debug|Any CPU
		{A49942AB-7FE3-45E6-BA35-5020A070808E}.Debug|Any CPU.Build.0 = Debug|Any CPU
		{A49942AB-7FE3-45E6-BA35-5020A070808E}.Release|Any CPU.ActiveCfg = Release|Any CPU
		{A49942AB-7FE3-45E6-BA35-5020A070808E}.Release|Any CPU.Build.0 = Release|Any CPU
		{9C268AFD-251C-4A5E-A0B2-CF42F18F9C81}.Debug|Any CPU.ActiveCfg = Debug|Any CPU
		{9C268AFD-251C-4A5E-A0B2-CF42F18F9C81}.Debug|Any CPU.Build.0 = Debug|Any CPU
		{9C268AFD-251C-4A5E-A0B2-CF42F18F9C81}.Release|Any CPU.ActiveCfg = Release|Any CPU
		{9C268AFD-251C-4A5E-A0B2-CF42F18F9C81}.Release|Any CPU.Build.0 = Release|Any CPU
	EndGlobalSection
	GlobalSection(SolutionProperties) = preSolution
		HideSolutionNode = FALSE
	EndGlobalSection
	GlobalSection(ExtensibilityGlobals) = postSolution
		SolutionGuid = {110045DB-FAFF-4612-8E0E-963062790440}
	EndGlobalSection
EndGlobal
